
Microsoft Visual Studio Solution File, Format Version 12.00
# Visual Studio Version 17
VisualStudioVersion = 17.3.32929.385
MinimumVisualStudioVersion = 10.0.40219.1
Project("{FAE04EC0-301F-11D3-BF4B-00C04F79EFBC}") = "laba4_cs", "laba4_cs\laba4_cs.csproj", "{7C121666-D51E-4D39-8064-3548A610C041}"
EndProject
Project("{FAE04EC0-301F-11D3-BF4B-00C04F79EFBC}") = "Common", "Common\Common.csproj", "{A4CA66BB-2D69-4734-9B3A-44F034348DCE}"
EndProject
Project("{FAE04EC0-301F-11D3-BF4B-00C04F79EFBC}") = "Listener", "Listener\Listener.csproj", "{A4B00A81-A0A9-4005-926C-77E5882D598B}"
EndProject
Global
	GlobalSection(SolutionConfigurationPlatforms) = preSolution
		Debug|Any CPU = Debug|Any CPU
		Release|Any CPU = Release|Any CPU
	EndGlobalSection
	GlobalSection(ProjectConfigurationPlatforms) = postSolution
		{7C121666-D51E-4D39-8064-3548A610C041}.Debug|Any CPU.ActiveCfg = Debug|Any CPU
		{7C121666-D51E-4D39-8064-3548A610C041}.Debug|Any CPU.Build.0 = Debug|Any CPU
		{7C121666-D51E-4D39-8064-3548A610C041}.Release|Any CPU.ActiveCfg = Release|Any CPU
		{7C121666-D51E-4D39-8064-3548A610C041}.Release|Any CPU.Build.0 = Release|Any CPU
		{A4CA66BB-2D69-4734-9B3A-44F034348DCE}.Debug|Any CPU.ActiveCfg = Debug|Any CPU
		{A4CA66BB-2D69-4734-9B3A-44F034348DCE}.Debug|Any CPU.Build.0 = Debug|Any CPU
		{A4CA66BB-2D69-4734-9B3A-44F034348DCE}.Release|Any CPU.ActiveCfg = Release|Any CPU
		{A4CA66BB-2D69-4734-9B3A-44F034348DCE}.Release|Any CPU.Build.0 = Release|Any CPU
		{A4B00A81-A0A9-4005-926C-77E5882D598B}.Debug|Any CPU.ActiveCfg = Debug|Any CPU
		{A4B00A81-A0A9-4005-926C-77E5882D598B}.Debug|Any CPU.Build.0 = Debug|Any CPU
		{A4B00A81-A0A9-4005-926C-77E5882D598B}.Release|Any CPU.ActiveCfg = Release|Any CPU
		{A4B00A81-A0A9-4005-926C-77E5882D598B}.Release|Any CPU.Build.0 = Release|Any CPU
	EndGlobalSection
	GlobalSection(SolutionProperties) = preSolution
		HideSolutionNode = FALSE
	EndGlobalSection
	GlobalSection(ExtensibilityGlobals) = postSolution
		SolutionGuid = {C3E5E5F5-84E7-440C-8966-2DC7C3C2C4E2}
	EndGlobalSection
EndGlobal
